// !$*UTF8*$!
{
	archiveVersion = 1;
	classes = {
	};
	objectVersion = 48;
	objects = {

/* Begin PBXBuildFile section */
		6C477AAA1D702DF800D76FCA /* AppDelegate.swift in Sources */ = {isa = PBXBuildFile; fileRef = 6C477AA91D702DF800D76FCA /* AppDelegate.swift */; };
		6C477AAC1D702DF800D76FCA /* Assets.xcassets in Resources */ = {isa = PBXBuildFile; fileRef = 6C477AAB1D702DF800D76FCA /* Assets.xcassets */; };
		6C477AAF1D702DF800D76FCA /* MainMenu.xib in Resources */ = {isa = PBXBuildFile; fileRef = 6C477AAD1D702DF800D76FCA /* MainMenu.xib */; };
		6C477AD91D702E1500D76FCA /* Cocoa.framework in Frameworks */ = {isa = PBXBuildFile; fileRef = 6C477AD81D702E1500D76FCA /* Cocoa.framework */; };
		6C477AE41D702E1500D76FCA /* Genie.appex in Embed App Extensions */ = {isa = PBXBuildFile; fileRef = 6C477AD61D702E1500D76FCA /* Genie.appex */; settings = {ATTRIBUTES = (RemoveHeadersOnCopy, ); }; };
		6C477AF41D70305900D76FCA /* main.m in Sources */ = {isa = PBXBuildFile; fileRef = 6C477AF31D70305900D76FCA /* main.m */; };
		6C477B081D7033F400D76FCA /* SourceKittenHelper.swift in Sources */ = {isa = PBXBuildFile; fileRef = 6C477B071D7033F400D76FCA /* SourceKittenHelper.swift */; };
		AC03433E1E2172FD00969C2C /* SourceKittenXPCConnection.swift in Sources */ = {isa = PBXBuildFile; fileRef = AC91AA701E2130A1003E871F /* SourceKittenXPCConnection.swift */; };
		AC03434A1E217B9900969C2C /* Buffer.swift in Sources */ = {isa = PBXBuildFile; fileRef = AC0343481E217B9900969C2C /* Buffer.swift */; };
		AC085D9F1E50DE4C004E3E22 /* PrinterTest.swift in Sources */ = {isa = PBXBuildFile; fileRef = AC085D9E1E50DE4C004E3E22 /* PrinterTest.swift */; };
		AC138CF01E50A49B00653744 /* SwiftFunctionDeclarationVisitor.swift in Sources */ = {isa = PBXBuildFile; fileRef = AC138CEF1E50A49B00653744 /* SwiftFunctionDeclarationVisitor.swift */; };
		AC138CF11E50A79700653744 /* Function.swift in Sources */ = {isa = PBXBuildFile; fileRef = AC91AA621E2130A1003E871F /* Function.swift */; };
		AC138CF31E50AF5900653744 /* Parameter.swift in Sources */ = {isa = PBXBuildFile; fileRef = AC138CF21E50AF5900653744 /* Parameter.swift */; };
		AC138CF51E50B0CA00653744 /* SwiftParameterVisitor.swift in Sources */ = {isa = PBXBuildFile; fileRef = AC138CF41E50B0C900653744 /* SwiftParameterVisitor.swift */; };
		AC138CF71E50C26D00653744 /* Statement.swift in Sources */ = {isa = PBXBuildFile; fileRef = AC138CF61E50C26D00653744 /* Statement.swift */; };
		AC39E2051E2180C200D9FD65 /* GenieFramework.framework in Frameworks */ = {isa = PBXBuildFile; fileRef = ACED61441E21467B00BBD92D /* GenieFramework.framework */; };
		AC39E2061E2180C200D9FD65 /* GenieFramework.framework in Embed Frameworks */ = {isa = PBXBuildFile; fileRef = ACED61441E21467B00BBD92D /* GenieFramework.framework */; settings = {ATTRIBUTES = (CodeSignOnCopy, RemoveHeadersOnCopy, ); }; };
		AC3CBEB01E4E175F00DB93C1 /* Swift.tokens in Resources */ = {isa = PBXBuildFile; fileRef = AC3CBEA81E4E175F00DB93C1 /* Swift.tokens */; };
		AC3CBEB11E4E175F00DB93C1 /* SwiftBaseListener.swift in Sources */ = {isa = PBXBuildFile; fileRef = AC3CBEA91E4E175F00DB93C1 /* SwiftBaseListener.swift */; };
		AC3CBEB21E4E175F00DB93C1 /* SwiftLexer.swift in Sources */ = {isa = PBXBuildFile; fileRef = AC3CBEAA1E4E175F00DB93C1 /* SwiftLexer.swift */; };
		AC3CBEB31E4E175F00DB93C1 /* SwiftLexer.tokens in Resources */ = {isa = PBXBuildFile; fileRef = AC3CBEAB1E4E175F00DB93C1 /* SwiftLexer.tokens */; };
		AC3CBEB41E4E175F00DB93C1 /* SwiftLexerATN.swift in Sources */ = {isa = PBXBuildFile; fileRef = AC3CBEAC1E4E175F00DB93C1 /* SwiftLexerATN.swift */; };
		AC3CBEB51E4E175F00DB93C1 /* SwiftListener.swift in Sources */ = {isa = PBXBuildFile; fileRef = AC3CBEAD1E4E175F00DB93C1 /* SwiftListener.swift */; };
		AC3CBEB61E4E175F00DB93C1 /* SwiftParser.swift in Sources */ = {isa = PBXBuildFile; fileRef = AC3CBEAE1E4E175F00DB93C1 /* SwiftParser.swift */; };
		AC3CBEB71E4E175F00DB93C1 /* SwiftParserATN.swift in Sources */ = {isa = PBXBuildFile; fileRef = AC3CBEAF1E4E175F00DB93C1 /* SwiftParserATN.swift */; };
		AC3CBEB91E4E1B6600DB93C1 /* SourceKittenFramework.framework in Frameworks */ = {isa = PBXBuildFile; fileRef = AC3CBEB81E4E1B6600DB93C1 /* SourceKittenFramework.framework */; };
		AC3CBEBA1E4E1E7F00DB93C1 /* SourceKittenFramework.framework in Frameworks */ = {isa = PBXBuildFile; fileRef = AC3CBEB81E4E1B6600DB93C1 /* SourceKittenFramework.framework */; };
		AC3CBEBD1E4E233C00DB93C1 /* Antlr4.framework in Frameworks */ = {isa = PBXBuildFile; fileRef = AC3CBEBB1E4E232B00DB93C1 /* Antlr4.framework */; };
		AC3CBEBF1E4E249F00DB93C1 /* SwiftSupport.swift in Sources */ = {isa = PBXBuildFile; fileRef = AC3CBEBE1E4E249F00DB93C1 /* SwiftSupport.swift */; };
		AC3CBEC21E4E272200DB93C1 /* SwiftBaseVisitor.swift in Sources */ = {isa = PBXBuildFile; fileRef = AC3CBEC01E4E272200DB93C1 /* SwiftBaseVisitor.swift */; };
		AC3CBEC31E4E272200DB93C1 /* SwiftVisitor.swift in Sources */ = {isa = PBXBuildFile; fileRef = AC3CBEC11E4E272200DB93C1 /* SwiftVisitor.swift */; };
		AC3CBEC51E4E2B5A00DB93C1 /* ParserTest.swift in Sources */ = {isa = PBXBuildFile; fileRef = AC3CBEC41E4E2B5A00DB93C1 /* ParserTest.swift */; };
		AC3CBECF1E4F6A0700DB93C1 /* GeneeCommand.swift in Sources */ = {isa = PBXBuildFile; fileRef = AC91AA5C1E2130A1003E871F /* GeneeCommand.swift */; };
		AC3CBED31E4F6B5B00DB93C1 /* Strings.swift in Sources */ = {isa = PBXBuildFile; fileRef = AC3CBED21E4F6B5B00DB93C1 /* Strings.swift */; };
		AC3CBED51E4F7D3400DB93C1 /* Declaration.swift in Sources */ = {isa = PBXBuildFile; fileRef = AC3CBED41E4F7D3400DB93C1 /* Declaration.swift */; };
		AC3CBED61E4F7D4F00DB93C1 /* Variable.swift in Sources */ = {isa = PBXBuildFile; fileRef = AC91AA681E2130A1003E871F /* Variable.swift */; };
		AC3CBED91E4FB06D00DB93C1 /* ParserHelpers.swift in Sources */ = {isa = PBXBuildFile; fileRef = AC3CBED81E4FB06D00DB93C1 /* ParserHelpers.swift */; };
		AC3CBEDB1E4FB09600DB93C1 /* SwiftDefaultVisitor.swift in Sources */ = {isa = PBXBuildFile; fileRef = AC3CBEDA1E4FB09600DB93C1 /* SwiftDefaultVisitor.swift */; };
		AC3CBEDD1E4FB0D400DB93C1 /* SwiftDeclarationVisitor.swift in Sources */ = {isa = PBXBuildFile; fileRef = AC3CBEDC1E4FB0D400DB93C1 /* SwiftDeclarationVisitor.swift */; };
		AC3CBEDF1E4FB11900DB93C1 /* SwiftVariableDeclarationVisitor.swift in Sources */ = {isa = PBXBuildFile; fileRef = AC3CBEDE1E4FB11900DB93C1 /* SwiftVariableDeclarationVisitor.swift */; };
		AC3CBEE11E4FB15300DB93C1 /* SwiftStatementVisitor.swift in Sources */ = {isa = PBXBuildFile; fileRef = AC3CBEE01E4FB15300DB93C1 /* SwiftStatementVisitor.swift */; };
		AC3CBEE31E4FB16700DB93C1 /* SwiftSourceVisitor.swift in Sources */ = {isa = PBXBuildFile; fileRef = AC3CBEE21E4FB16700DB93C1 /* SwiftSourceVisitor.swift */; };
		AC3CBEE51E4FB19400DB93C1 /* SwiftClassDeclarationVisitor.swift in Sources */ = {isa = PBXBuildFile; fileRef = AC3CBEE41E4FB19400DB93C1 /* SwiftClassDeclarationVisitor.swift */; };
		AC3CBEE71E4FB24C00DB93C1 /* SwiftAttributesVisitor.swift in Sources */ = {isa = PBXBuildFile; fileRef = AC3CBEE61E4FB24C00DB93C1 /* SwiftAttributesVisitor.swift */; };
		AC3CBEE91E4FB4B100DB93C1 /* SwiftAccessLevelModifierVisitor.swift in Sources */ = {isa = PBXBuildFile; fileRef = AC3CBEE81E4FB4B100DB93C1 /* SwiftAccessLevelModifierVisitor.swift */; };
		AC3CBEEB1E4FB51000DB93C1 /* AccessLevelModifier.swift in Sources */ = {isa = PBXBuildFile; fileRef = AC3CBEEA1E4FB51000DB93C1 /* AccessLevelModifier.swift */; };
		AC3CBEEC1E4FB79100DB93C1 /* TypeDeclaration.swift in Sources */ = {isa = PBXBuildFile; fileRef = AC91AA671E2130A1003E871F /* TypeDeclaration.swift */; };
		AC3CBEEE1E4FC07500DB93C1 /* SwiftTypeInheritanceListVisitor.swift in Sources */ = {isa = PBXBuildFile; fileRef = AC3CBEED1E4FC07500DB93C1 /* SwiftTypeInheritanceListVisitor.swift */; };
		AC3CBEF01E4FD43900DB93C1 /* SwiftStructDeclarationVisitor.swift in Sources */ = {isa = PBXBuildFile; fileRef = AC3CBEEF1E4FD43900DB93C1 /* SwiftStructDeclarationVisitor.swift */; };
		AC3CBEF21E4FD44800DB93C1 /* SwiftProtocolDeclarationVisitor.swift in Sources */ = {isa = PBXBuildFile; fileRef = AC3CBEF11E4FD44800DB93C1 /* SwiftProtocolDeclarationVisitor.swift */; };
		AC3CBEF41E4FDCEF00DB93C1 /* SwiftDeclarationModifierVisitor.swift in Sources */ = {isa = PBXBuildFile; fileRef = AC3CBEF31E4FDCEF00DB93C1 /* SwiftDeclarationModifierVisitor.swift */; };
		AC3CBEF61E4FDE2A00DB93C1 /* DeclarationModifier.swift in Sources */ = {isa = PBXBuildFile; fileRef = AC3CBEF51E4FDE2A00DB93C1 /* DeclarationModifier.swift */; };
		AC3CBEF81E5088F300DB93C1 /* SwiftEnumDeclarationVisitor.swift in Sources */ = {isa = PBXBuildFile; fileRef = AC3CBEF71E5088F300DB93C1 /* SwiftEnumDeclarationVisitor.swift */; };
		AC3CBEFA1E509B9500DB93C1 /* SwiftExtensionDeclarationVisitor.swift in Sources */ = {isa = PBXBuildFile; fileRef = AC3CBEF91E509B9500DB93C1 /* SwiftExtensionDeclarationVisitor.swift */; };
		AC941E841E213AAB004D8A03 /* Yams.framework in Embed Frameworks */ = {isa = PBXBuildFile; fileRef = ACB985A71E2136F300127FD9 /* Yams.framework */; settings = {ATTRIBUTES = (CodeSignOnCopy, RemoveHeadersOnCopy, ); }; };
		AC941E921E213C12004D8A03 /* SWXMLHash.framework in Frameworks */ = {isa = PBXBuildFile; fileRef = AC941E8C1E213BE1004D8A03 /* SWXMLHash.framework */; };
		AC941E941E213C26004D8A03 /* SWXMLHash.framework in Embed Frameworks */ = {isa = PBXBuildFile; fileRef = AC941E8C1E213BE1004D8A03 /* SWXMLHash.framework */; settings = {ATTRIBUTES = (CodeSignOnCopy, RemoveHeadersOnCopy, ); }; };
		ACB1D29D1E21A42400CEFF0F /* SWXMLHash.framework in Frameworks */ = {isa = PBXBuildFile; fileRef = AC941E8C1E213BE1004D8A03 /* SWXMLHash.framework */; };
		ACB1D29E1E21A42400CEFF0F /* Yams.framework in Frameworks */ = {isa = PBXBuildFile; fileRef = ACB985A71E2136F300127FD9 /* Yams.framework */; };
		ACB1D2A01E21A44700CEFF0F /* SWXMLHash.framework in Embed Frameworks */ = {isa = PBXBuildFile; fileRef = AC941E8C1E213BE1004D8A03 /* SWXMLHash.framework */; settings = {ATTRIBUTES = (CodeSignOnCopy, RemoveHeadersOnCopy, ); }; };
		ACB1D2A11E21A44700CEFF0F /* Yams.framework in Embed Frameworks */ = {isa = PBXBuildFile; fileRef = ACB985A71E2136F300127FD9 /* Yams.framework */; settings = {ATTRIBUTES = (CodeSignOnCopy, RemoveHeadersOnCopy, ); }; };
		ACB985A81E2136F300127FD9 /* Yams.framework in Frameworks */ = {isa = PBXBuildFile; fileRef = ACB985A71E2136F300127FD9 /* Yams.framework */; };
		ACB985A91E2137DF00127FD9 /* SourceKittenHelper.xpc in CopyFiles */ = {isa = PBXBuildFile; fileRef = 6C477AED1D70305900D76FCA /* SourceKittenHelper.xpc */; settings = {ATTRIBUTES = (RemoveHeadersOnCopy, ); }; };
		ACE36CA31E22BAE70007F0FD /* Asserts.swift in Sources */ = {isa = PBXBuildFile; fileRef = ACE36CA21E22BAE70007F0FD /* Asserts.swift */; };
		ACED61481E21467B00BBD92D /* GenieFramework.h in Headers */ = {isa = PBXBuildFile; fileRef = ACED61461E21467B00BBD92D /* GenieFramework.h */; settings = {ATTRIBUTES = (Public, ); }; };
		ACED61581E2146B300BBD92D /* Node.swift in Sources */ = {isa = PBXBuildFile; fileRef = AC91AA641E2130A1003E871F /* Node.swift */; };
		ACED61591E2146B300BBD92D /* Source.swift in Sources */ = {isa = PBXBuildFile; fileRef = AC91AA651E2130A1003E871F /* Source.swift */; };
		ACED61601E21473300BBD92D /* Dwifft.swift in Sources */ = {isa = PBXBuildFile; fileRef = AC91AA711E2130A1003E871F /* Dwifft.swift */; };
		ACF70B5D1E217D1C007A0CC5 /* SWXMLHash.framework in Frameworks */ = {isa = PBXBuildFile; fileRef = AC941E8C1E213BE1004D8A03 /* SWXMLHash.framework */; };
		ACF70B5E1E217D1C007A0CC5 /* Yams.framework in Frameworks */ = {isa = PBXBuildFile; fileRef = ACB985A71E2136F300127FD9 /* Yams.framework */; };
		ACF70B601E217D24007A0CC5 /* SWXMLHash.framework in Embed Frameworks */ = {isa = PBXBuildFile; fileRef = AC941E8C1E213BE1004D8A03 /* SWXMLHash.framework */; settings = {ATTRIBUTES = (CodeSignOnCopy, RemoveHeadersOnCopy, ); }; };
		ACF70B611E217D24007A0CC5 /* Yams.framework in Embed Frameworks */ = {isa = PBXBuildFile; fileRef = ACB985A71E2136F300127FD9 /* Yams.framework */; settings = {ATTRIBUTES = (CodeSignOnCopy, RemoveHeadersOnCopy, ); }; };
/* End PBXBuildFile section */

/* Begin PBXContainerItemProxy section */
		6C1C68551D713203004BAA32 /* PBXContainerItemProxy */ = {
			isa = PBXContainerItemProxy;
			containerPortal = 6C477A9E1D702DF800D76FCA /* Project object */;
			proxyType = 1;
			remoteGlobalIDString = 6C477AEC1D70305900D76FCA;
			remoteInfo = SourceKittenHelper;
		};
		6C477AE21D702E1500D76FCA /* PBXContainerItemProxy */ = {
			isa = PBXContainerItemProxy;
			containerPortal = 6C477A9E1D702DF800D76FCA /* Project object */;
			proxyType = 1;
			remoteGlobalIDString = 6C477AD51D702E1500D76FCA;
			remoteInfo = LinuxSupport;
		};
		AC39E2071E2180C200D9FD65 /* PBXContainerItemProxy */ = {
			isa = PBXContainerItemProxy;
			containerPortal = 6C477A9E1D702DF800D76FCA /* Project object */;
			proxyType = 1;
			remoteGlobalIDString = ACED61431E21467B00BBD92D;
			remoteInfo = GenieFramework;
		};
		ACED612E1E21453F00BBD92D /* PBXContainerItemProxy */ = {
			isa = PBXContainerItemProxy;
			containerPortal = 6C477A9E1D702DF800D76FCA /* Project object */;
			proxyType = 1;
			remoteGlobalIDString = 6C477AA51D702DF800D76FCA;
			remoteInfo = GenieApp;
		};
/* End PBXContainerItemProxy section */

/* Begin PBXCopyFilesBuildPhase section */
		6C34A4FD1D70819B00DDFDAF /* CopyFiles */ = {
			isa = PBXCopyFilesBuildPhase;
			buildActionMask = 2147483647;
			dstPath = "$(CONTENTS_FOLDER_PATH)/XPCServices";
			dstSubfolderSpec = 16;
			files = (
				ACB985A91E2137DF00127FD9 /* SourceKittenHelper.xpc in CopyFiles */,
			);
			runOnlyForDeploymentPostprocessing = 0;
		};
		6C34A50C1D7085B100DDFDAF /* Embed Frameworks */ = {
			isa = PBXCopyFilesBuildPhase;
			buildActionMask = 2147483647;
			dstPath = "";
			dstSubfolderSpec = 10;
			files = (
				AC39E2061E2180C200D9FD65 /* GenieFramework.framework in Embed Frameworks */,
			);
			name = "Embed Frameworks";
			runOnlyForDeploymentPostprocessing = 0;
		};
		6C477AE81D702E1500D76FCA /* Embed App Extensions */ = {
			isa = PBXCopyFilesBuildPhase;
			buildActionMask = 2147483647;
			dstPath = "";
			dstSubfolderSpec = 13;
			files = (
				6C477AE41D702E1500D76FCA /* Genie.appex in Embed App Extensions */,
			);
			name = "Embed App Extensions";
			runOnlyForDeploymentPostprocessing = 0;
		};
		ACBC8CBC1E213D950058313A /* Embed Frameworks */ = {
			isa = PBXCopyFilesBuildPhase;
			buildActionMask = 2147483647;
			dstPath = "";
			dstSubfolderSpec = 10;
			files = (
				ACB1D2A01E21A44700CEFF0F /* SWXMLHash.framework in Embed Frameworks */,
				ACB1D2A11E21A44700CEFF0F /* Yams.framework in Embed Frameworks */,
			);
			name = "Embed Frameworks";
			runOnlyForDeploymentPostprocessing = 0;
		};
		ACED616A1E214ECC00BBD92D /* Embed Frameworks */ = {
			isa = PBXCopyFilesBuildPhase;
			buildActionMask = 2147483647;
			dstPath = "";
			dstSubfolderSpec = 10;
			files = (
				ACF70B601E217D24007A0CC5 /* SWXMLHash.framework in Embed Frameworks */,
				ACF70B611E217D24007A0CC5 /* Yams.framework in Embed Frameworks */,
			);
			name = "Embed Frameworks";
			runOnlyForDeploymentPostprocessing = 0;
		};
		ACF9393A1DBB8FE500CCBFD4 /* Embed Frameworks */ = {
			isa = PBXCopyFilesBuildPhase;
			buildActionMask = 2147483647;
			dstPath = "";
			dstSubfolderSpec = 10;
			files = (
				AC941E941E213C26004D8A03 /* SWXMLHash.framework in Embed Frameworks */,
				AC941E841E213AAB004D8A03 /* Yams.framework in Embed Frameworks */,
			);
			name = "Embed Frameworks";
			runOnlyForDeploymentPostprocessing = 0;
		};
/* End PBXCopyFilesBuildPhase section */

/* Begin PBXFileReference section */
		6C19EA011D714F58004673F2 /* README.md */ = {isa = PBXFileReference; fileEncoding = 4; lastKnownFileType = net.daringfireball.markdown; path = README.md; sourceTree = "<group>"; };
		6C19EA021D714F58004673F2 /* LICENSE */ = {isa = PBXFileReference; fileEncoding = 4; lastKnownFileType = text; path = LICENSE; sourceTree = "<group>"; };
		6C477AA61D702DF800D76FCA /* GenieApp.app */ = {isa = PBXFileReference; explicitFileType = wrapper.application; includeInIndex = 0; path = GenieApp.app; sourceTree = BUILT_PRODUCTS_DIR; };
		6C477AA91D702DF800D76FCA /* AppDelegate.swift */ = {isa = PBXFileReference; lastKnownFileType = sourcecode.swift; path = AppDelegate.swift; sourceTree = "<group>"; };
		6C477AAB1D702DF800D76FCA /* Assets.xcassets */ = {isa = PBXFileReference; lastKnownFileType = folder.assetcatalog; path = Assets.xcassets; sourceTree = "<group>"; };
		6C477AAE1D702DF800D76FCA /* Base */ = {isa = PBXFileReference; lastKnownFileType = file.xib; name = Base; path = Base.lproj/MainMenu.xib; sourceTree = "<group>"; };
		6C477AB01D702DF800D76FCA /* Info.plist */ = {isa = PBXFileReference; lastKnownFileType = text.plist.xml; path = Info.plist; sourceTree = "<group>"; };
		6C477AD61D702E1500D76FCA /* Genie.appex */ = {isa = PBXFileReference; explicitFileType = "wrapper.app-extension"; includeInIndex = 0; path = Genie.appex; sourceTree = BUILT_PRODUCTS_DIR; };
		6C477AD81D702E1500D76FCA /* Cocoa.framework */ = {isa = PBXFileReference; lastKnownFileType = wrapper.framework; name = Cocoa.framework; path = System/Library/Frameworks/Cocoa.framework; sourceTree = SDKROOT; };
		6C477ADC1D702E1500D76FCA /* GenieExtension.entitlements */ = {isa = PBXFileReference; lastKnownFileType = text.plist.entitlements; path = GenieExtension.entitlements; sourceTree = "<group>"; };
		6C477ADD1D702E1500D76FCA /* SourceEditorExtension.swift */ = {isa = PBXFileReference; lastKnownFileType = sourcecode.swift; path = SourceEditorExtension.swift; sourceTree = "<group>"; };
		6C477ADF1D702E1500D76FCA /* SourceEditorCommand.swift */ = {isa = PBXFileReference; lastKnownFileType = sourcecode.swift; path = SourceEditorCommand.swift; sourceTree = "<group>"; };
		6C477AE11D702E1500D76FCA /* Info.plist */ = {isa = PBXFileReference; lastKnownFileType = text.plist.xml; path = Info.plist; sourceTree = "<group>"; };
		6C477AED1D70305900D76FCA /* SourceKittenHelper.xpc */ = {isa = PBXFileReference; explicitFileType = "wrapper.xpc-service"; includeInIndex = 0; path = SourceKittenHelper.xpc; sourceTree = BUILT_PRODUCTS_DIR; };
		6C477AEF1D70305900D76FCA /* SourceKittenHelperProtocol.h */ = {isa = PBXFileReference; lastKnownFileType = sourcecode.c.h; path = SourceKittenHelperProtocol.h; sourceTree = "<group>"; };
		6C477AF31D70305900D76FCA /* main.m */ = {isa = PBXFileReference; lastKnownFileType = sourcecode.c.objc; path = main.m; sourceTree = "<group>"; };
		6C477AF51D70305900D76FCA /* Info.plist */ = {isa = PBXFileReference; lastKnownFileType = text.plist.xml; path = Info.plist; sourceTree = "<group>"; };
		6C477B031D70328400D76FCA /* GenieExtension-Bridging-Header.h */ = {isa = PBXFileReference; lastKnownFileType = sourcecode.c.h; path = "GenieExtension-Bridging-Header.h"; sourceTree = "<group>"; };
		6C477B061D7033F300D76FCA /* SourceKittenHelper-Bridging-Header.h */ = {isa = PBXFileReference; lastKnownFileType = sourcecode.c.h; path = "SourceKittenHelper-Bridging-Header.h"; sourceTree = "<group>"; };
		6C477B071D7033F400D76FCA /* SourceKittenHelper.swift */ = {isa = PBXFileReference; fileEncoding = 4; lastKnownFileType = sourcecode.swift; path = SourceKittenHelper.swift; sourceTree = "<group>"; };
		AC0343431E21778600969C2C /* BufferStub.swift */ = {isa = PBXFileReference; fileEncoding = 4; lastKnownFileType = sourcecode.swift; path = BufferStub.swift; sourceTree = "<group>"; };
		AC0343481E217B9900969C2C /* Buffer.swift */ = {isa = PBXFileReference; fileEncoding = 4; lastKnownFileType = sourcecode.swift; path = Buffer.swift; sourceTree = "<group>"; };
		AC0343491E217B9900969C2C /* SourceKitRepresentableExtensions.swift */ = {isa = PBXFileReference; fileEncoding = 4; lastKnownFileType = sourcecode.swift; path = SourceKitRepresentableExtensions.swift; sourceTree = "<group>"; };
		AC085D9E1E50DE4C004E3E22 /* PrinterTest.swift */ = {isa = PBXFileReference; fileEncoding = 4; lastKnownFileType = sourcecode.swift; path = PrinterTest.swift; sourceTree = "<group>"; };
		AC138CEF1E50A49B00653744 /* SwiftFunctionDeclarationVisitor.swift */ = {isa = PBXFileReference; fileEncoding = 4; lastKnownFileType = sourcecode.swift; path = SwiftFunctionDeclarationVisitor.swift; sourceTree = "<group>"; };
		AC138CF21E50AF5900653744 /* Parameter.swift */ = {isa = PBXFileReference; fileEncoding = 4; lastKnownFileType = sourcecode.swift; path = Parameter.swift; sourceTree = "<group>"; };
		AC138CF41E50B0C900653744 /* SwiftParameterVisitor.swift */ = {isa = PBXFileReference; fileEncoding = 4; lastKnownFileType = sourcecode.swift; path = SwiftParameterVisitor.swift; sourceTree = "<group>"; };
		AC138CF61E50C26D00653744 /* Statement.swift */ = {isa = PBXFileReference; fileEncoding = 4; lastKnownFileType = sourcecode.swift; path = Statement.swift; sourceTree = "<group>"; };
		AC3CBEA81E4E175F00DB93C1 /* Swift.tokens */ = {isa = PBXFileReference; fileEncoding = 4; lastKnownFileType = text; name = Swift.tokens; path = grammar/Swift.tokens; sourceTree = "<group>"; };
		AC3CBEA91E4E175F00DB93C1 /* SwiftBaseListener.swift */ = {isa = PBXFileReference; fileEncoding = 4; lastKnownFileType = sourcecode.swift; name = SwiftBaseListener.swift; path = grammar/SwiftBaseListener.swift; sourceTree = "<group>"; };
		AC3CBEAA1E4E175F00DB93C1 /* SwiftLexer.swift */ = {isa = PBXFileReference; fileEncoding = 4; lastKnownFileType = sourcecode.swift; name = SwiftLexer.swift; path = grammar/SwiftLexer.swift; sourceTree = "<group>"; };
		AC3CBEAB1E4E175F00DB93C1 /* SwiftLexer.tokens */ = {isa = PBXFileReference; fileEncoding = 4; lastKnownFileType = text; name = SwiftLexer.tokens; path = grammar/SwiftLexer.tokens; sourceTree = "<group>"; };
		AC3CBEAC1E4E175F00DB93C1 /* SwiftLexerATN.swift */ = {isa = PBXFileReference; fileEncoding = 4; lastKnownFileType = sourcecode.swift; name = SwiftLexerATN.swift; path = grammar/SwiftLexerATN.swift; sourceTree = "<group>"; };
		AC3CBEAD1E4E175F00DB93C1 /* SwiftListener.swift */ = {isa = PBXFileReference; fileEncoding = 4; lastKnownFileType = sourcecode.swift; name = SwiftListener.swift; path = grammar/SwiftListener.swift; sourceTree = "<group>"; };
		AC3CBEAE1E4E175F00DB93C1 /* SwiftParser.swift */ = {isa = PBXFileReference; fileEncoding = 4; lastKnownFileType = sourcecode.swift; name = SwiftParser.swift; path = grammar/SwiftParser.swift; sourceTree = "<group>"; };
		AC3CBEAF1E4E175F00DB93C1 /* SwiftParserATN.swift */ = {isa = PBXFileReference; fileEncoding = 4; lastKnownFileType = sourcecode.swift; name = SwiftParserATN.swift; path = grammar/SwiftParserATN.swift; sourceTree = "<group>"; };
		AC3CBEB81E4E1B6600DB93C1 /* SourceKittenFramework.framework */ = {isa = PBXFileReference; lastKnownFileType = wrapper.framework; name = SourceKittenFramework.framework; path = "../../../../Library/Developer/Xcode/DerivedData/Genie-gnjkibsipwxrbzfukpgdagpvfryi/Build/Products/Debug/SourceKittenFramework.framework"; sourceTree = "<group>"; };
		AC3CBEBB1E4E232B00DB93C1 /* Antlr4.framework */ = {isa = PBXFileReference; lastKnownFileType = wrapper.framework; name = Antlr4.framework; path = "../../../../Library/Developer/Xcode/DerivedData/Genie-gnjkibsipwxrbzfukpgdagpvfryi/Build/Products/Debug/Antlr4.framework"; sourceTree = "<group>"; };
		AC3CBEBE1E4E249F00DB93C1 /* SwiftSupport.swift */ = {isa = PBXFileReference; fileEncoding = 4; lastKnownFileType = sourcecode.swift; name = SwiftSupport.swift; path = grammar/SwiftSupport.swift; sourceTree = SOURCE_ROOT; };
		AC3CBEC01E4E272200DB93C1 /* SwiftBaseVisitor.swift */ = {isa = PBXFileReference; fileEncoding = 4; lastKnownFileType = sourcecode.swift; name = SwiftBaseVisitor.swift; path = grammar/SwiftBaseVisitor.swift; sourceTree = "<group>"; };
		AC3CBEC11E4E272200DB93C1 /* SwiftVisitor.swift */ = {isa = PBXFileReference; fileEncoding = 4; lastKnownFileType = sourcecode.swift; name = SwiftVisitor.swift; path = grammar/SwiftVisitor.swift; sourceTree = "<group>"; };
		AC3CBEC41E4E2B5A00DB93C1 /* ParserTest.swift */ = {isa = PBXFileReference; fileEncoding = 4; lastKnownFileType = sourcecode.swift; path = ParserTest.swift; sourceTree = "<group>"; };
		AC3CBEC61E4F506C00DB93C1 /* Antlr.swift */ = {isa = PBXFileReference; fileEncoding = 4; lastKnownFileType = sourcecode.swift; path = Antlr.swift; sourceTree = "<group>"; };
		AC3CBED21E4F6B5B00DB93C1 /* Strings.swift */ = {isa = PBXFileReference; fileEncoding = 4; lastKnownFileType = sourcecode.swift; path = Strings.swift; sourceTree = "<group>"; };
		AC3CBED41E4F7D3400DB93C1 /* Declaration.swift */ = {isa = PBXFileReference; fileEncoding = 4; lastKnownFileType = sourcecode.swift; path = Declaration.swift; sourceTree = "<group>"; };
		AC3CBED81E4FB06D00DB93C1 /* ParserHelpers.swift */ = {isa = PBXFileReference; fileEncoding = 4; lastKnownFileType = sourcecode.swift; path = ParserHelpers.swift; sourceTree = "<group>"; };
		AC3CBEDA1E4FB09600DB93C1 /* SwiftDefaultVisitor.swift */ = {isa = PBXFileReference; fileEncoding = 4; lastKnownFileType = sourcecode.swift; path = SwiftDefaultVisitor.swift; sourceTree = "<group>"; };
		AC3CBEDC1E4FB0D400DB93C1 /* SwiftDeclarationVisitor.swift */ = {isa = PBXFileReference; fileEncoding = 4; lastKnownFileType = sourcecode.swift; path = SwiftDeclarationVisitor.swift; sourceTree = "<group>"; };
		AC3CBEDE1E4FB11900DB93C1 /* SwiftVariableDeclarationVisitor.swift */ = {isa = PBXFileReference; fileEncoding = 4; lastKnownFileType = sourcecode.swift; path = SwiftVariableDeclarationVisitor.swift; sourceTree = "<group>"; };
		AC3CBEE01E4FB15300DB93C1 /* SwiftStatementVisitor.swift */ = {isa = PBXFileReference; fileEncoding = 4; lastKnownFileType = sourcecode.swift; path = SwiftStatementVisitor.swift; sourceTree = "<group>"; };
		AC3CBEE21E4FB16700DB93C1 /* SwiftSourceVisitor.swift */ = {isa = PBXFileReference; fileEncoding = 4; lastKnownFileType = sourcecode.swift; path = SwiftSourceVisitor.swift; sourceTree = "<group>"; };
		AC3CBEE41E4FB19400DB93C1 /* SwiftClassDeclarationVisitor.swift */ = {isa = PBXFileReference; fileEncoding = 4; lastKnownFileType = sourcecode.swift; path = SwiftClassDeclarationVisitor.swift; sourceTree = "<group>"; };
		AC3CBEE61E4FB24C00DB93C1 /* SwiftAttributesVisitor.swift */ = {isa = PBXFileReference; fileEncoding = 4; lastKnownFileType = sourcecode.swift; path = SwiftAttributesVisitor.swift; sourceTree = "<group>"; };
		AC3CBEE81E4FB4B100DB93C1 /* SwiftAccessLevelModifierVisitor.swift */ = {isa = PBXFileReference; fileEncoding = 4; lastKnownFileType = sourcecode.swift; path = SwiftAccessLevelModifierVisitor.swift; sourceTree = "<group>"; };
		AC3CBEEA1E4FB51000DB93C1 /* AccessLevelModifier.swift */ = {isa = PBXFileReference; fileEncoding = 4; lastKnownFileType = sourcecode.swift; path = AccessLevelModifier.swift; sourceTree = "<group>"; };
		AC3CBEED1E4FC07500DB93C1 /* SwiftTypeInheritanceListVisitor.swift */ = {isa = PBXFileReference; fileEncoding = 4; lastKnownFileType = sourcecode.swift; path = SwiftTypeInheritanceListVisitor.swift; sourceTree = "<group>"; };
		AC3CBEEF1E4FD43900DB93C1 /* SwiftStructDeclarationVisitor.swift */ = {isa = PBXFileReference; fileEncoding = 4; lastKnownFileType = sourcecode.swift; path = SwiftStructDeclarationVisitor.swift; sourceTree = "<group>"; };
		AC3CBEF11E4FD44800DB93C1 /* SwiftProtocolDeclarationVisitor.swift */ = {isa = PBXFileReference; fileEncoding = 4; lastKnownFileType = sourcecode.swift; path = SwiftProtocolDeclarationVisitor.swift; sourceTree = "<group>"; };
		AC3CBEF31E4FDCEF00DB93C1 /* SwiftDeclarationModifierVisitor.swift */ = {isa = PBXFileReference; fileEncoding = 4; lastKnownFileType = sourcecode.swift; path = SwiftDeclarationModifierVisitor.swift; sourceTree = "<group>"; };
		AC3CBEF51E4FDE2A00DB93C1 /* DeclarationModifier.swift */ = {isa = PBXFileReference; fileEncoding = 4; lastKnownFileType = sourcecode.swift; path = DeclarationModifier.swift; sourceTree = "<group>"; };
		AC3CBEF71E5088F300DB93C1 /* SwiftEnumDeclarationVisitor.swift */ = {isa = PBXFileReference; fileEncoding = 4; lastKnownFileType = sourcecode.swift; path = SwiftEnumDeclarationVisitor.swift; sourceTree = "<group>"; };
		AC3CBEF91E509B9500DB93C1 /* SwiftExtensionDeclarationVisitor.swift */ = {isa = PBXFileReference; fileEncoding = 4; lastKnownFileType = sourcecode.swift; path = SwiftExtensionDeclarationVisitor.swift; sourceTree = "<group>"; };
		AC91AA5B1E2130A1003E871F /* CurriedInitializer.swift */ = {isa = PBXFileReference; fileEncoding = 4; lastKnownFileType = sourcecode.swift; path = CurriedInitializer.swift; sourceTree = "<group>"; };
		AC91AA5C1E2130A1003E871F /* GeneeCommand.swift */ = {isa = PBXFileReference; fileEncoding = 4; lastKnownFileType = sourcecode.swift; path = GeneeCommand.swift; sourceTree = "<group>"; };
		AC91AA5D1E2130A1003E871F /* Initializer.swift */ = {isa = PBXFileReference; fileEncoding = 4; lastKnownFileType = sourcecode.swift; path = Initializer.swift; sourceTree = "<group>"; };
		AC91AA5E1E2130A1003E871F /* ReactiveProperty.swift */ = {isa = PBXFileReference; fileEncoding = 4; lastKnownFileType = sourcecode.swift; path = ReactiveProperty.swift; sourceTree = "<group>"; };
		AC91AA5F1E2130A1003E871F /* Stub.swift */ = {isa = PBXFileReference; fileEncoding = 4; lastKnownFileType = sourcecode.swift; path = Stub.swift; sourceTree = "<group>"; };
		AC91AA621E2130A1003E871F /* Function.swift */ = {isa = PBXFileReference; fileEncoding = 4; lastKnownFileType = sourcecode.swift; path = Function.swift; sourceTree = "<group>"; };
		AC91AA631E2130A1003E871F /* ClosureCapture.swift */ = {isa = PBXFileReference; fileEncoding = 4; lastKnownFileType = sourcecode.swift; name = ClosureCapture.swift; path = ../Source/ClosureCapture.swift; sourceTree = "<group>"; };
		AC91AA641E2130A1003E871F /* Node.swift */ = {isa = PBXFileReference; fileEncoding = 4; lastKnownFileType = sourcecode.swift; path = Node.swift; sourceTree = "<group>"; };
		AC91AA651E2130A1003E871F /* Source.swift */ = {isa = PBXFileReference; fileEncoding = 4; lastKnownFileType = sourcecode.swift; path = Source.swift; sourceTree = "<group>"; };
		AC91AA661E2130A1003E871F /* SyntaxTree.swift */ = {isa = PBXFileReference; fileEncoding = 4; lastKnownFileType = sourcecode.swift; path = SyntaxTree.swift; sourceTree = "<group>"; };
		AC91AA671E2130A1003E871F /* TypeDeclaration.swift */ = {isa = PBXFileReference; fileEncoding = 4; lastKnownFileType = sourcecode.swift; path = TypeDeclaration.swift; sourceTree = "<group>"; };
		AC91AA681E2130A1003E871F /* Variable.swift */ = {isa = PBXFileReference; fileEncoding = 4; lastKnownFileType = sourcecode.swift; path = Variable.swift; sourceTree = "<group>"; };
		AC91AA6C1E2130A1003E871F /* XcodeBuffer.swift */ = {isa = PBXFileReference; fileEncoding = 4; lastKnownFileType = sourcecode.swift; path = XcodeBuffer.swift; sourceTree = "<group>"; };
		AC91AA6D1E2130A1003E871F /* XCSourceExtensions.swift */ = {isa = PBXFileReference; fileEncoding = 4; lastKnownFileType = sourcecode.swift; path = XCSourceExtensions.swift; sourceTree = "<group>"; };
		AC91AA701E2130A1003E871F /* SourceKittenXPCConnection.swift */ = {isa = PBXFileReference; fileEncoding = 4; lastKnownFileType = sourcecode.swift; path = SourceKittenXPCConnection.swift; sourceTree = "<group>"; };
		AC91AA711E2130A1003E871F /* Dwifft.swift */ = {isa = PBXFileReference; fileEncoding = 4; lastKnownFileType = sourcecode.swift; path = Dwifft.swift; sourceTree = "<group>"; };
		AC941E8C1E213BE1004D8A03 /* SWXMLHash.framework */ = {isa = PBXFileReference; lastKnownFileType = wrapper.framework; name = SWXMLHash.framework; path = "../../../../Library/Developer/Xcode/DerivedData/Genie-gnjkibsipwxrbzfukpgdagpvfryi/Build/Products/Debug/SWXMLHash.framework"; sourceTree = "<group>"; };
		ACB985A71E2136F300127FD9 /* Yams.framework */ = {isa = PBXFileReference; lastKnownFileType = wrapper.framework; name = Yams.framework; path = "../../../../Library/Developer/Xcode/DerivedData/Genie-gnjkibsipwxrbzfukpgdagpvfryi/Build/Products/Debug/Yams.framework"; sourceTree = "<group>"; };
		ACE36CA01E22B5790007F0FD /* ReactivePropertyTest.swift */ = {isa = PBXFileReference; fileEncoding = 4; lastKnownFileType = sourcecode.swift; path = ReactivePropertyTest.swift; sourceTree = "<group>"; };
		ACE36CA21E22BAE70007F0FD /* Asserts.swift */ = {isa = PBXFileReference; fileEncoding = 4; lastKnownFileType = sourcecode.swift; path = Asserts.swift; sourceTree = "<group>"; };
		ACED61291E21453F00BBD92D /* GenieTests.xctest */ = {isa = PBXFileReference; explicitFileType = wrapper.cfbundle; includeInIndex = 0; path = GenieTests.xctest; sourceTree = BUILT_PRODUCTS_DIR; };
		ACED612B1E21453F00BBD92D /* GenieTests.swift */ = {isa = PBXFileReference; lastKnownFileType = sourcecode.swift; path = GenieTests.swift; sourceTree = "<group>"; };
		ACED612D1E21453F00BBD92D /* Info.plist */ = {isa = PBXFileReference; lastKnownFileType = text.plist.xml; path = Info.plist; sourceTree = "<group>"; };
		ACED61331E21460A00BBD92D /* ClosureCaptureTest.swift */ = {isa = PBXFileReference; fileEncoding = 4; lastKnownFileType = sourcecode.swift; path = ClosureCaptureTest.swift; sourceTree = "<group>"; };
		ACED61341E21460A00BBD92D /* DwifftTests.swift */ = {isa = PBXFileReference; fileEncoding = 4; lastKnownFileType = sourcecode.swift; path = DwifftTests.swift; sourceTree = "<group>"; };
		ACED61351E21460A00BBD92D /* InitializerTest.swift */ = {isa = PBXFileReference; fileEncoding = 4; lastKnownFileType = sourcecode.swift; path = InitializerTest.swift; sourceTree = "<group>"; };
		ACED61371E21460A00BBD92D /* SourceTest.swift */ = {isa = PBXFileReference; fileEncoding = 4; lastKnownFileType = sourcecode.swift; path = SourceTest.swift; sourceTree = "<group>"; };
		ACED61381E21460A00BBD92D /* StubTest.swift */ = {isa = PBXFileReference; fileEncoding = 4; lastKnownFileType = sourcecode.swift; path = StubTest.swift; sourceTree = "<group>"; };
		ACED61441E21467B00BBD92D /* GenieFramework.framework */ = {isa = PBXFileReference; explicitFileType = wrapper.framework; includeInIndex = 0; path = GenieFramework.framework; sourceTree = BUILT_PRODUCTS_DIR; };
		ACED61461E21467B00BBD92D /* GenieFramework.h */ = {isa = PBXFileReference; lastKnownFileType = sourcecode.c.h; path = GenieFramework.h; sourceTree = "<group>"; };
		ACED61471E21467B00BBD92D /* Info.plist */ = {isa = PBXFileReference; lastKnownFileType = text.plist.xml; path = Info.plist; sourceTree = "<group>"; };
/* End PBXFileReference section */

/* Begin PBXFrameworksBuildPhase section */
		6C477AA31D702DF800D76FCA /* Frameworks */ = {
			isa = PBXFrameworksBuildPhase;
			buildActionMask = 2147483647;
			files = (
				AC39E2051E2180C200D9FD65 /* GenieFramework.framework in Frameworks */,
			);
			runOnlyForDeploymentPostprocessing = 0;
		};
		6C477AD31D702E1500D76FCA /* Frameworks */ = {
			isa = PBXFrameworksBuildPhase;
			buildActionMask = 2147483647;
			files = (
				6C477AD91D702E1500D76FCA /* Cocoa.framework in Frameworks */,
				ACB1D29D1E21A42400CEFF0F /* SWXMLHash.framework in Frameworks */,
				ACB1D29E1E21A42400CEFF0F /* Yams.framework in Frameworks */,
			);
			runOnlyForDeploymentPostprocessing = 0;
		};
		6C477AEA1D70305900D76FCA /* Frameworks */ = {
			isa = PBXFrameworksBuildPhase;
			buildActionMask = 2147483647;
			files = (
				AC3CBEBA1E4E1E7F00DB93C1 /* SourceKittenFramework.framework in Frameworks */,
				ACB985A81E2136F300127FD9 /* Yams.framework in Frameworks */,
				AC941E921E213C12004D8A03 /* SWXMLHash.framework in Frameworks */,
			);
			runOnlyForDeploymentPostprocessing = 0;
		};
		ACED61261E21453F00BBD92D /* Frameworks */ = {
			isa = PBXFrameworksBuildPhase;
			buildActionMask = 2147483647;
			files = (
			);
			runOnlyForDeploymentPostprocessing = 0;
		};
		ACED61401E21467B00BBD92D /* Frameworks */ = {
			isa = PBXFrameworksBuildPhase;
			buildActionMask = 2147483647;
			files = (
				AC3CBEBD1E4E233C00DB93C1 /* Antlr4.framework in Frameworks */,
				AC3CBEB91E4E1B6600DB93C1 /* SourceKittenFramework.framework in Frameworks */,
				ACF70B5D1E217D1C007A0CC5 /* SWXMLHash.framework in Frameworks */,
				ACF70B5E1E217D1C007A0CC5 /* Yams.framework in Frameworks */,
			);
			runOnlyForDeploymentPostprocessing = 0;
		};
/* End PBXFrameworksBuildPhase section */

/* Begin PBXGroup section */
		6C477A9D1D702DF800D76FCA = {
			isa = PBXGroup;
			children = (
				6C19EA011D714F58004673F2 /* README.md */,
				6C19EA021D714F58004673F2 /* LICENSE */,
				6C477AA81D702DF800D76FCA /* GenieApp */,
				6C477ADA1D702E1500D76FCA /* GenieExtension */,
				6C477AEE1D70305900D76FCA /* SourceKittenHelper */,
				ACED61451E21467B00BBD92D /* GenieFramework */,
				ACED612A1E21453F00BBD92D /* GenieTests */,
				6C477AD71D702E1500D76FCA /* Frameworks */,
				6C477AA71D702DF800D76FCA /* Products */,
			);
			sourceTree = "<group>";
		};
		6C477AA71D702DF800D76FCA /* Products */ = {
			isa = PBXGroup;
			children = (
				6C477AA61D702DF800D76FCA /* GenieApp.app */,
				6C477AD61D702E1500D76FCA /* Genie.appex */,
				6C477AED1D70305900D76FCA /* SourceKittenHelper.xpc */,
				ACED61291E21453F00BBD92D /* GenieTests.xctest */,
				ACED61441E21467B00BBD92D /* GenieFramework.framework */,
			);
			name = Products;
			sourceTree = "<group>";
		};
		6C477AA81D702DF800D76FCA /* GenieApp */ = {
			isa = PBXGroup;
			children = (
				6C477AA91D702DF800D76FCA /* AppDelegate.swift */,
				6C477AAB1D702DF800D76FCA /* Assets.xcassets */,
				6C477AB01D702DF800D76FCA /* Info.plist */,
				6C477AAD1D702DF800D76FCA /* MainMenu.xib */,
			);
			path = GenieApp;
			sourceTree = "<group>";
		};
		6C477AD71D702E1500D76FCA /* Frameworks */ = {
			isa = PBXGroup;
			children = (
				AC3CBEBB1E4E232B00DB93C1 /* Antlr4.framework */,
				AC3CBEB81E4E1B6600DB93C1 /* SourceKittenFramework.framework */,
				AC941E8C1E213BE1004D8A03 /* SWXMLHash.framework */,
				ACB985A71E2136F300127FD9 /* Yams.framework */,
				6C477AD81D702E1500D76FCA /* Cocoa.framework */,
			);
			name = Frameworks;
			sourceTree = "<group>";
		};
		6C477ADA1D702E1500D76FCA /* GenieExtension */ = {
			isa = PBXGroup;
			children = (
				AC91AA691E2130A1003E871F /* SourceEditor */,
				AC91AA6E1E2130A1003E871F /* SourceKitten */,
				AC91AA711E2130A1003E871F /* Dwifft.swift */,
				6C477AE11D702E1500D76FCA /* Info.plist */,
				6C477B031D70328400D76FCA /* GenieExtension-Bridging-Header.h */,
				6C477ADF1D702E1500D76FCA /* SourceEditorCommand.swift */,
				6C477ADD1D702E1500D76FCA /* SourceEditorExtension.swift */,
				6C477ADB1D702E1500D76FCA /* Supporting Files */,
			);
			path = GenieExtension;
			sourceTree = "<group>";
		};
		6C477ADB1D702E1500D76FCA /* Supporting Files */ = {
			isa = PBXGroup;
			children = (
				6C477ADC1D702E1500D76FCA /* GenieExtension.entitlements */,
			);
			name = "Supporting Files";
			sourceTree = "<group>";
		};
		6C477AEE1D70305900D76FCA /* SourceKittenHelper */ = {
			isa = PBXGroup;
			children = (
				6C477AF51D70305900D76FCA /* Info.plist */,
				6C477AF31D70305900D76FCA /* main.m */,
				6C477B061D7033F300D76FCA /* SourceKittenHelper-Bridging-Header.h */,
				6C477B071D7033F400D76FCA /* SourceKittenHelper.swift */,
				6C477AEF1D70305900D76FCA /* SourceKittenHelperProtocol.h */,
			);
			path = SourceKittenHelper;
			sourceTree = "<group>";
		};
		AC0343421E21775000969C2C /* Stubs */ = {
			isa = PBXGroup;
			children = (
				AC0343431E21778600969C2C /* BufferStub.swift */,
			);
			name = Stubs;
			sourceTree = "<group>";
		};
		AC3CBEA71E4E175F00DB93C1 /* Parser */ = {
			isa = PBXGroup;
			children = (
				AC3CBED71E4FB03200DB93C1 /* grammar */,
				AC3CBED81E4FB06D00DB93C1 /* ParserHelpers.swift */,
				AC3CBEE01E4FB15300DB93C1 /* SwiftStatementVisitor.swift */,
				AC3CBEDE1E4FB11900DB93C1 /* SwiftVariableDeclarationVisitor.swift */,
				AC3CBEDC1E4FB0D400DB93C1 /* SwiftDeclarationVisitor.swift */,
				AC3CBEDA1E4FB09600DB93C1 /* SwiftDefaultVisitor.swift */,
				AC3CBEE21E4FB16700DB93C1 /* SwiftSourceVisitor.swift */,
				AC3CBEE41E4FB19400DB93C1 /* SwiftClassDeclarationVisitor.swift */,
				AC3CBEE61E4FB24C00DB93C1 /* SwiftAttributesVisitor.swift */,
				AC3CBEE81E4FB4B100DB93C1 /* SwiftAccessLevelModifierVisitor.swift */,
				AC3CBEED1E4FC07500DB93C1 /* SwiftTypeInheritanceListVisitor.swift */,
				AC3CBEEF1E4FD43900DB93C1 /* SwiftStructDeclarationVisitor.swift */,
				AC3CBEF11E4FD44800DB93C1 /* SwiftProtocolDeclarationVisitor.swift */,
				AC3CBEF31E4FDCEF00DB93C1 /* SwiftDeclarationModifierVisitor.swift */,
				AC3CBEF71E5088F300DB93C1 /* SwiftEnumDeclarationVisitor.swift */,
				AC3CBEF91E509B9500DB93C1 /* SwiftExtensionDeclarationVisitor.swift */,
				AC138CEF1E50A49B00653744 /* SwiftFunctionDeclarationVisitor.swift */,
				AC138CF41E50B0C900653744 /* SwiftParameterVisitor.swift */,
			);
			path = Parser;
			sourceTree = "<group>";
		};
		AC3CBED71E4FB03200DB93C1 /* grammar */ = {
			isa = PBXGroup;
			children = (
				AC3CBEC01E4E272200DB93C1 /* SwiftBaseVisitor.swift */,
				AC3CBEC11E4E272200DB93C1 /* SwiftVisitor.swift */,
				AC3CBEBE1E4E249F00DB93C1 /* SwiftSupport.swift */,
				AC3CBEA81E4E175F00DB93C1 /* Swift.tokens */,
				AC3CBEA91E4E175F00DB93C1 /* SwiftBaseListener.swift */,
				AC3CBEAA1E4E175F00DB93C1 /* SwiftLexer.swift */,
				AC3CBEAB1E4E175F00DB93C1 /* SwiftLexer.tokens */,
				AC3CBEAC1E4E175F00DB93C1 /* SwiftLexerATN.swift */,
				AC3CBEAD1E4E175F00DB93C1 /* SwiftListener.swift */,
				AC3CBEAE1E4E175F00DB93C1 /* SwiftParser.swift */,
				AC3CBEAF1E4E175F00DB93C1 /* SwiftParserATN.swift */,
			);
			name = grammar;
			sourceTree = "<group>";
		};
		AC91AA591E2130A1003E871F /* Commands */ = {
			isa = PBXGroup;
			children = (
				AC91AA5B1E2130A1003E871F /* CurriedInitializer.swift */,
				AC91AA5C1E2130A1003E871F /* GeneeCommand.swift */,
				AC91AA5D1E2130A1003E871F /* Initializer.swift */,
				AC91AA631E2130A1003E871F /* ClosureCapture.swift */,
				AC91AA5E1E2130A1003E871F /* ReactiveProperty.swift */,
				AC91AA5F1E2130A1003E871F /* Stub.swift */,
				AC3CBEC61E4F506C00DB93C1 /* Antlr.swift */,
			);
			path = Commands;
			sourceTree = "<group>";
		};
		AC91AA601E2130A1003E871F /* Source */ = {
			isa = PBXGroup;
			children = (
				AC91AA621E2130A1003E871F /* Function.swift */,
				AC91AA641E2130A1003E871F /* Node.swift */,
				AC91AA651E2130A1003E871F /* Source.swift */,
				AC91AA661E2130A1003E871F /* SyntaxTree.swift */,
				AC91AA671E2130A1003E871F /* TypeDeclaration.swift */,
				AC91AA681E2130A1003E871F /* Variable.swift */,
				AC3CBED41E4F7D3400DB93C1 /* Declaration.swift */,
				AC3CBEEA1E4FB51000DB93C1 /* AccessLevelModifier.swift */,
				AC3CBEF51E4FDE2A00DB93C1 /* DeclarationModifier.swift */,
				AC138CF21E50AF5900653744 /* Parameter.swift */,
				AC138CF61E50C26D00653744 /* Statement.swift */,
			);
			path = Source;
			sourceTree = "<group>";
		};
		AC91AA691E2130A1003E871F /* SourceEditor */ = {
			isa = PBXGroup;
			children = (
				AC91AA6C1E2130A1003E871F /* XcodeBuffer.swift */,
				AC91AA6D1E2130A1003E871F /* XCSourceExtensions.swift */,
			);
			path = SourceEditor;
			sourceTree = "<group>";
		};
		AC91AA6E1E2130A1003E871F /* SourceKitten */ = {
			isa = PBXGroup;
			children = (
				AC91AA701E2130A1003E871F /* SourceKittenXPCConnection.swift */,
			);
			path = SourceKitten;
			sourceTree = "<group>";
		};
		ACE36CA41E22BAEC0007F0FD /* Helpers */ = {
			isa = PBXGroup;
			children = (
				ACE36CA21E22BAE70007F0FD /* Asserts.swift */,
				AC3CBED21E4F6B5B00DB93C1 /* Strings.swift */,
			);
			name = Helpers;
			sourceTree = "<group>";
		};
		ACED612A1E21453F00BBD92D /* GenieTests */ = {
			isa = PBXGroup;
			children = (
				ACE36CA41E22BAEC0007F0FD /* Helpers */,
				AC0343421E21775000969C2C /* Stubs */,
				ACED61331E21460A00BBD92D /* ClosureCaptureTest.swift */,
				ACE36CA01E22B5790007F0FD /* ReactivePropertyTest.swift */,
				ACED61341E21460A00BBD92D /* DwifftTests.swift */,
				ACED61351E21460A00BBD92D /* InitializerTest.swift */,
				ACED61371E21460A00BBD92D /* SourceTest.swift */,
				ACED61381E21460A00BBD92D /* StubTest.swift */,
				ACED612B1E21453F00BBD92D /* GenieTests.swift */,
				ACED612D1E21453F00BBD92D /* Info.plist */,
				AC3CBEC41E4E2B5A00DB93C1 /* ParserTest.swift */,
				AC085D9E1E50DE4C004E3E22 /* PrinterTest.swift */,
			);
			path = GenieTests;
			sourceTree = "<group>";
		};
		ACED61451E21467B00BBD92D /* GenieFramework */ = {
			isa = PBXGroup;
			children = (
				AC3CBEA71E4E175F00DB93C1 /* Parser */,
				AC0343481E217B9900969C2C /* Buffer.swift */,
				AC0343491E217B9900969C2C /* SourceKitRepresentableExtensions.swift */,
				AC91AA591E2130A1003E871F /* Commands */,
				AC91AA601E2130A1003E871F /* Source */,
				ACED61461E21467B00BBD92D /* GenieFramework.h */,
				ACED61471E21467B00BBD92D /* Info.plist */,
			);
			path = GenieFramework;
			sourceTree = "<group>";
		};
/* End PBXGroup section */

/* Begin PBXHeadersBuildPhase section */
		ACED61411E21467B00BBD92D /* Headers */ = {
			isa = PBXHeadersBuildPhase;
			buildActionMask = 2147483647;
			files = (
				ACED61481E21467B00BBD92D /* GenieFramework.h in Headers */,
			);
			runOnlyForDeploymentPostprocessing = 0;
		};
/* End PBXHeadersBuildPhase section */

/* Begin PBXNativeTarget section */
		6C477AA51D702DF800D76FCA /* GenieApp */ = {
			isa = PBXNativeTarget;
			buildConfigurationList = 6C477AC91D702DF900D76FCA /* Build configuration list for PBXNativeTarget "GenieApp" */;
			buildPhases = (
				6C477AA21D702DF800D76FCA /* Sources */,
				6C477AA31D702DF800D76FCA /* Frameworks */,
				6C477AA41D702DF800D76FCA /* Resources */,
				6C477AE81D702E1500D76FCA /* Embed App Extensions */,
				6C34A50C1D7085B100DDFDAF /* Embed Frameworks */,
			);
			buildRules = (
			);
			dependencies = (
				6C477AE31D702E1500D76FCA /* PBXTargetDependency */,
				AC39E2081E2180C200D9FD65 /* PBXTargetDependency */,
			);
			name = GenieApp;
			productName = LinuxSupportForXcode;
			productReference = 6C477AA61D702DF800D76FCA /* GenieApp.app */;
			productType = "com.apple.product-type.application";
		};
		6C477AD51D702E1500D76FCA /* Genie */ = {
			isa = PBXNativeTarget;
			buildConfigurationList = 6C477AE51D702E1500D76FCA /* Build configuration list for PBXNativeTarget "Genie" */;
			buildPhases = (
				6C477AD21D702E1500D76FCA /* Sources */,
				6C477AD31D702E1500D76FCA /* Frameworks */,
				6C477AD41D702E1500D76FCA /* Resources */,
				6C34A4FD1D70819B00DDFDAF /* CopyFiles */,
				ACBC8CBC1E213D950058313A /* Embed Frameworks */,
			);
			buildRules = (
			);
			dependencies = (
				6C1C68561D713203004BAA32 /* PBXTargetDependency */,
			);
			name = Genie;
			productName = LinuxSupport;
			productReference = 6C477AD61D702E1500D76FCA /* Genie.appex */;
			productType = "com.apple.product-type.xcode-extension";
		};
		6C477AEC1D70305900D76FCA /* SourceKittenHelper */ = {
			isa = PBXNativeTarget;
			buildConfigurationList = 6C477AF91D70305900D76FCA /* Build configuration list for PBXNativeTarget "SourceKittenHelper" */;
			buildPhases = (
				6C477AE91D70305900D76FCA /* Sources */,
				6C477AEA1D70305900D76FCA /* Frameworks */,
				ACF9393A1DBB8FE500CCBFD4 /* Embed Frameworks */,
			);
			buildRules = (
			);
			dependencies = (
			);
			name = SourceKittenHelper;
			productName = SourceKittenHelper;
			productReference = 6C477AED1D70305900D76FCA /* SourceKittenHelper.xpc */;
			productType = "com.apple.product-type.xpc-service";
		};
		ACED61281E21453F00BBD92D /* GenieTests */ = {
			isa = PBXNativeTarget;
			buildConfigurationList = ACED61321E21453F00BBD92D /* Build configuration list for PBXNativeTarget "GenieTests" */;
			buildPhases = (
				ACED61251E21453F00BBD92D /* Sources */,
				ACED61261E21453F00BBD92D /* Frameworks */,
				ACED61271E21453F00BBD92D /* Resources */,
			);
			buildRules = (
			);
			dependencies = (
				ACED612F1E21453F00BBD92D /* PBXTargetDependency */,
			);
			name = GenieTests;
			productName = GenieTests;
			productReference = ACED61291E21453F00BBD92D /* GenieTests.xctest */;
			productType = "com.apple.product-type.bundle.unit-test";
		};
		ACED61431E21467B00BBD92D /* GenieFramework */ = {
			isa = PBXNativeTarget;
			buildConfigurationList = ACED614D1E21467B00BBD92D /* Build configuration list for PBXNativeTarget "GenieFramework" */;
			buildPhases = (
				ACED613F1E21467B00BBD92D /* Sources */,
				ACED61401E21467B00BBD92D /* Frameworks */,
				ACED61411E21467B00BBD92D /* Headers */,
				ACED61421E21467B00BBD92D /* Resources */,
				ACED616A1E214ECC00BBD92D /* Embed Frameworks */,
			);
			buildRules = (
			);
			dependencies = (
			);
			name = GenieFramework;
			productName = GenieFramework;
			productReference = ACED61441E21467B00BBD92D /* GenieFramework.framework */;
			productType = "com.apple.product-type.framework";
		};
/* End PBXNativeTarget section */

/* Begin PBXProject section */
		6C477A9E1D702DF800D76FCA /* Project object */ = {
			isa = PBXProject;
			attributes = {
				LastSwiftUpdateCheck = 0820;
				LastUpgradeCheck = 0800;
				ORGANIZATIONNAME = Genie;
				TargetAttributes = {
					6C477AA51D702DF800D76FCA = {
						CreatedOnToolsVersion = 8.0;
						ProvisioningStyle = Automatic;
					};
					6C477AD51D702E1500D76FCA = {
						CreatedOnToolsVersion = 8.0;
						DevelopmentTeam = 56QMJ73J7W;
						LastSwiftMigration = 0800;
						ProvisioningStyle = Automatic;
					};
					6C477AEC1D70305900D76FCA = {
						CreatedOnToolsVersion = 8.0;
						DevelopmentTeam = 56QMJ73J7W;
						LastSwiftMigration = 0800;
						ProvisioningStyle = Automatic;
					};
					ACED61281E21453F00BBD92D = {
						CreatedOnToolsVersion = 8.2;
						ProvisioningStyle = Automatic;
						TestTargetID = 6C477AA51D702DF800D76FCA;
					};
					ACED61431E21467B00BBD92D = {
						CreatedOnToolsVersion = 8.2;
						ProvisioningStyle = Automatic;
					};
				};
			};
			buildConfigurationList = 6C477AA11D702DF800D76FCA /* Build configuration list for PBXProject "Genie" */;
			compatibilityVersion = "Xcode 8.0";
			developmentRegion = English;
			hasScannedForEncodings = 0;
			knownRegions = (
				en,
				Base,
			);
			mainGroup = 6C477A9D1D702DF800D76FCA;
			productRefGroup = 6C477AA71D702DF800D76FCA /* Products */;
			projectDirPath = "";
			projectRoot = "";
			targets = (
				6C477AA51D702DF800D76FCA /* GenieApp */,
				6C477AD51D702E1500D76FCA /* Genie */,
				6C477AEC1D70305900D76FCA /* SourceKittenHelper */,
				ACED61281E21453F00BBD92D /* GenieTests */,
				ACED61431E21467B00BBD92D /* GenieFramework */,
			);
		};
/* End PBXProject section */

/* Begin PBXResourcesBuildPhase section */
		6C477AA41D702DF800D76FCA /* Resources */ = {
			isa = PBXResourcesBuildPhase;
			buildActionMask = 2147483647;
			files = (
				6C477AAC1D702DF800D76FCA /* Assets.xcassets in Resources */,
				6C477AAF1D702DF800D76FCA /* MainMenu.xib in Resources */,
			);
			runOnlyForDeploymentPostprocessing = 0;
		};
		6C477AD41D702E1500D76FCA /* Resources */ = {
			isa = PBXResourcesBuildPhase;
			buildActionMask = 2147483647;
			files = (
			);
			runOnlyForDeploymentPostprocessing = 0;
		};
		ACED61271E21453F00BBD92D /* Resources */ = {
			isa = PBXResourcesBuildPhase;
			buildActionMask = 2147483647;
			files = (
			);
			runOnlyForDeploymentPostprocessing = 0;
		};
		ACED61421E21467B00BBD92D /* Resources */ = {
			isa = PBXResourcesBuildPhase;
			buildActionMask = 2147483647;
			files = (
				AC3CBEB31E4E175F00DB93C1 /* SwiftLexer.tokens in Resources */,
				AC3CBEB01E4E175F00DB93C1 /* Swift.tokens in Resources */,
			);
			runOnlyForDeploymentPostprocessing = 0;
		};
/* End PBXResourcesBuildPhase section */

/* Begin PBXSourcesBuildPhase section */
		6C477AA21D702DF800D76FCA /* Sources */ = {
			isa = PBXSourcesBuildPhase;
			buildActionMask = 2147483647;
			files = (
				6C477AAA1D702DF800D76FCA /* AppDelegate.swift in Sources */,
			);
			runOnlyForDeploymentPostprocessing = 0;
		};
		6C477AD21D702E1500D76FCA /* Sources */ = {
			isa = PBXSourcesBuildPhase;
			buildActionMask = 2147483647;
			files = (
				AC03433E1E2172FD00969C2C /* SourceKittenXPCConnection.swift in Sources */,
			);
			runOnlyForDeploymentPostprocessing = 0;
		};
		6C477AE91D70305900D76FCA /* Sources */ = {
			isa = PBXSourcesBuildPhase;
			buildActionMask = 2147483647;
			files = (
				6C477B081D7033F400D76FCA /* SourceKittenHelper.swift in Sources */,
				6C477AF41D70305900D76FCA /* main.m in Sources */,
			);
			runOnlyForDeploymentPostprocessing = 0;
		};
		ACED61251E21453F00BBD92D /* Sources */ = {
			isa = PBXSourcesBuildPhase;
			buildActionMask = 2147483647;
			files = (
				AC085D9F1E50DE4C004E3E22 /* PrinterTest.swift in Sources */,
				AC3CBEC51E4E2B5A00DB93C1 /* ParserTest.swift in Sources */,
				AC3CBED31E4F6B5B00DB93C1 /* Strings.swift in Sources */,
				ACE36CA31E22BAE70007F0FD /* Asserts.swift in Sources */,
			);
			runOnlyForDeploymentPostprocessing = 0;
		};
		ACED613F1E21467B00BBD92D /* Sources */ = {
			isa = PBXSourcesBuildPhase;
			buildActionMask = 2147483647;
			files = (
				ACED61581E2146B300BBD92D /* Node.swift in Sources */,
				AC3CBEEE1E4FC07500DB93C1 /* SwiftTypeInheritanceListVisitor.swift in Sources */,
				AC3CBEDF1E4FB11900DB93C1 /* SwiftVariableDeclarationVisitor.swift in Sources */,
				AC3CBED51E4F7D3400DB93C1 /* Declaration.swift in Sources */,
				AC3CBEE71E4FB24C00DB93C1 /* SwiftAttributesVisitor.swift in Sources */,
				AC3CBEFA1E509B9500DB93C1 /* SwiftExtensionDeclarationVisitor.swift in Sources */,
				AC3CBEB71E4E175F00DB93C1 /* SwiftParserATN.swift in Sources */,
				AC3CBEF41E4FDCEF00DB93C1 /* SwiftDeclarationModifierVisitor.swift in Sources */,
				AC3CBEF01E4FD43900DB93C1 /* SwiftStructDeclarationVisitor.swift in Sources */,
				AC3CBEB21E4E175F00DB93C1 /* SwiftLexer.swift in Sources */,
				AC3CBEF61E4FDE2A00DB93C1 /* DeclarationModifier.swift in Sources */,
				AC3CBED61E4F7D4F00DB93C1 /* Variable.swift in Sources */,
				AC3CBEB61E4E175F00DB93C1 /* SwiftParser.swift in Sources */,
				AC03434A1E217B9900969C2C /* Buffer.swift in Sources */,
				AC3CBEBF1E4E249F00DB93C1 /* SwiftSupport.swift in Sources */,
				AC3CBEC21E4E272200DB93C1 /* SwiftBaseVisitor.swift in Sources */,
				AC3CBEF81E5088F300DB93C1 /* SwiftEnumDeclarationVisitor.swift in Sources */,
				AC3CBEDD1E4FB0D400DB93C1 /* SwiftDeclarationVisitor.swift in Sources */,
				AC138CF31E50AF5900653744 /* Parameter.swift in Sources */,
				AC138CF01E50A49B00653744 /* SwiftFunctionDeclarationVisitor.swift in Sources */,
				AC3CBEE11E4FB15300DB93C1 /* SwiftStatementVisitor.swift in Sources */,
				AC3CBEB11E4E175F00DB93C1 /* SwiftBaseListener.swift in Sources */,
				AC3CBED91E4FB06D00DB93C1 /* ParserHelpers.swift in Sources */,
				ACED61591E2146B300BBD92D /* Source.swift in Sources */,
				AC138CF51E50B0CA00653744 /* SwiftParameterVisitor.swift in Sources */,
				AC3CBEC31E4E272200DB93C1 /* SwiftVisitor.swift in Sources */,
				AC3CBEEB1E4FB51000DB93C1 /* AccessLevelModifier.swift in Sources */,
				AC3CBEB41E4E175F00DB93C1 /* SwiftLexerATN.swift in Sources */,
				AC3CBEF21E4FD44800DB93C1 /* SwiftProtocolDeclarationVisitor.swift in Sources */,
				AC138CF11E50A79700653744 /* Function.swift in Sources */,
				AC138CF71E50C26D00653744 /* Statement.swift in Sources */,
				AC3CBEDB1E4FB09600DB93C1 /* SwiftDefaultVisitor.swift in Sources */,
				AC3CBEE51E4FB19400DB93C1 /* SwiftClassDeclarationVisitor.swift in Sources */,
				AC3CBEB51E4E175F00DB93C1 /* SwiftListener.swift in Sources */,
				AC3CBECF1E4F6A0700DB93C1 /* GeneeCommand.swift in Sources */,
				ACED61601E21473300BBD92D /* Dwifft.swift in Sources */,
				AC3CBEE91E4FB4B100DB93C1 /* SwiftAccessLevelModifierVisitor.swift in Sources */,
				AC3CBEE31E4FB16700DB93C1 /* SwiftSourceVisitor.swift in Sources */,
				AC3CBEEC1E4FB79100DB93C1 /* TypeDeclaration.swift in Sources */,
			);
			runOnlyForDeploymentPostprocessing = 0;
		};
/* End PBXSourcesBuildPhase section */

/* Begin PBXTargetDependency section */
		6C1C68561D713203004BAA32 /* PBXTargetDependency */ = {
			isa = PBXTargetDependency;
			target = 6C477AEC1D70305900D76FCA /* SourceKittenHelper */;
			targetProxy = 6C1C68551D713203004BAA32 /* PBXContainerItemProxy */;
		};
		6C477AE31D702E1500D76FCA /* PBXTargetDependency */ = {
			isa = PBXTargetDependency;
			target = 6C477AD51D702E1500D76FCA /* Genie */;
			targetProxy = 6C477AE21D702E1500D76FCA /* PBXContainerItemProxy */;
		};
		AC39E2081E2180C200D9FD65 /* PBXTargetDependency */ = {
			isa = PBXTargetDependency;
			target = ACED61431E21467B00BBD92D /* GenieFramework */;
			targetProxy = AC39E2071E2180C200D9FD65 /* PBXContainerItemProxy */;
		};
		ACED612F1E21453F00BBD92D /* PBXTargetDependency */ = {
			isa = PBXTargetDependency;
			target = 6C477AA51D702DF800D76FCA /* GenieApp */;
			targetProxy = ACED612E1E21453F00BBD92D /* PBXContainerItemProxy */;
		};
/* End PBXTargetDependency section */

/* Begin PBXVariantGroup section */
		6C477AAD1D702DF800D76FCA /* MainMenu.xib */ = {
			isa = PBXVariantGroup;
			children = (
				6C477AAE1D702DF800D76FCA /* Base */,
			);
			name = MainMenu.xib;
			sourceTree = "<group>";
		};
/* End PBXVariantGroup section */

/* Begin XCBuildConfiguration section */
		6C477AC71D702DF900D76FCA /* Debug */ = {
			isa = XCBuildConfiguration;
			buildSettings = {
				ALWAYS_SEARCH_USER_PATHS = NO;
				CLANG_ANALYZER_NONNULL = YES;
				CLANG_CXX_LANGUAGE_STANDARD = "gnu++0x";
				CLANG_CXX_LIBRARY = "libc++";
				CLANG_ENABLE_MODULES = YES;
				CLANG_ENABLE_OBJC_ARC = YES;
				CLANG_WARN_BOOL_CONVERSION = YES;
				CLANG_WARN_CONSTANT_CONVERSION = YES;
				CLANG_WARN_DIRECT_OBJC_ISA_USAGE = YES_ERROR;
				CLANG_WARN_DOCUMENTATION_COMMENTS = YES;
				CLANG_WARN_EMPTY_BODY = YES;
				CLANG_WARN_ENUM_CONVERSION = YES;
				CLANG_WARN_INFINITE_RECURSION = YES;
				CLANG_WARN_INT_CONVERSION = YES;
				CLANG_WARN_OBJC_ROOT_CLASS = YES_ERROR;
				CLANG_WARN_SUSPICIOUS_MOVE = YES;
				CLANG_WARN_SUSPICIOUS_MOVES = YES;
				CLANG_WARN_UNREACHABLE_CODE = YES;
				CLANG_WARN__DUPLICATE_METHOD_MATCH = YES;
				CODE_SIGN_IDENTITY = "Mac Developer";
				COPY_PHASE_STRIP = NO;
				DEBUG_INFORMATION_FORMAT = dwarf;
				ENABLE_STRICT_OBJC_MSGSEND = YES;
				ENABLE_TESTABILITY = YES;
				GCC_C_LANGUAGE_STANDARD = gnu99;
				GCC_DYNAMIC_NO_PIC = NO;
				GCC_NO_COMMON_BLOCKS = YES;
				GCC_OPTIMIZATION_LEVEL = 0;
				GCC_PREPROCESSOR_DEFINITIONS = (
					"DEBUG=1",
					"$(inherited)",
				);
				GCC_WARN_64_TO_32_BIT_CONVERSION = YES;
				GCC_WARN_ABOUT_RETURN_TYPE = YES_ERROR;
				GCC_WARN_UNDECLARED_SELECTOR = YES;
				GCC_WARN_UNINITIALIZED_AUTOS = YES_AGGRESSIVE;
				GCC_WARN_UNUSED_FUNCTION = YES;
				GCC_WARN_UNUSED_VARIABLE = YES;
				MACOSX_DEPLOYMENT_TARGET = 10.11;
				MTL_ENABLE_DEBUG_INFO = YES;
				ONLY_ACTIVE_ARCH = YES;
				SDKROOT = macosx;
				SWIFT_ACTIVE_COMPILATION_CONDITIONS = DEBUG;
				SWIFT_OPTIMIZATION_LEVEL = "-Onone";
				SWIFT_VERSION = 3.0;
			};
			name = Debug;
		};
		6C477AC81D702DF900D76FCA /* Release */ = {
			isa = XCBuildConfiguration;
			buildSettings = {
				ALWAYS_SEARCH_USER_PATHS = NO;
				CLANG_ANALYZER_NONNULL = YES;
				CLANG_CXX_LANGUAGE_STANDARD = "gnu++0x";
				CLANG_CXX_LIBRARY = "libc++";
				CLANG_ENABLE_MODULES = YES;
				CLANG_ENABLE_OBJC_ARC = YES;
				CLANG_WARN_BOOL_CONVERSION = YES;
				CLANG_WARN_CONSTANT_CONVERSION = YES;
				CLANG_WARN_DIRECT_OBJC_ISA_USAGE = YES_ERROR;
				CLANG_WARN_DOCUMENTATION_COMMENTS = YES;
				CLANG_WARN_EMPTY_BODY = YES;
				CLANG_WARN_ENUM_CONVERSION = YES;
				CLANG_WARN_INFINITE_RECURSION = YES;
				CLANG_WARN_INT_CONVERSION = YES;
				CLANG_WARN_OBJC_ROOT_CLASS = YES_ERROR;
				CLANG_WARN_SUSPICIOUS_MOVE = YES;
				CLANG_WARN_SUSPICIOUS_MOVES = YES;
				CLANG_WARN_UNREACHABLE_CODE = YES;
				CLANG_WARN__DUPLICATE_METHOD_MATCH = YES;
				CODE_SIGN_IDENTITY = "Mac Developer";
				COPY_PHASE_STRIP = NO;
				DEBUG_INFORMATION_FORMAT = "dwarf-with-dsym";
				ENABLE_NS_ASSERTIONS = NO;
				ENABLE_STRICT_OBJC_MSGSEND = YES;
				GCC_C_LANGUAGE_STANDARD = gnu99;
				GCC_NO_COMMON_BLOCKS = YES;
				GCC_WARN_64_TO_32_BIT_CONVERSION = YES;
				GCC_WARN_ABOUT_RETURN_TYPE = YES_ERROR;
				GCC_WARN_UNDECLARED_SELECTOR = YES;
				GCC_WARN_UNINITIALIZED_AUTOS = YES_AGGRESSIVE;
				GCC_WARN_UNUSED_FUNCTION = YES;
				GCC_WARN_UNUSED_VARIABLE = YES;
				MACOSX_DEPLOYMENT_TARGET = 10.11;
				MTL_ENABLE_DEBUG_INFO = NO;
				SDKROOT = macosx;
				SWIFT_OPTIMIZATION_LEVEL = "-Owholemodule";
				SWIFT_VERSION = 3.0;
			};
			name = Release;
		};
		6C477ACA1D702DF900D76FCA /* Debug */ = {
			isa = XCBuildConfiguration;
			buildSettings = {
				ALWAYS_EMBED_SWIFT_STANDARD_LIBRARIES = YES;
				ASSETCATALOG_COMPILER_APPICON_NAME = AppIcon;
				CLANG_ALLOW_NON_MODULAR_INCLUDES_IN_FRAMEWORK_MODULES = YES;
				CODE_SIGN_IDENTITY = "Mac Developer";
				COMBINE_HIDPI_IMAGES = YES;
				DEVELOPMENT_TEAM = 56QMJ73J7W;
				FRAMEWORK_SEARCH_PATHS = (
					"$(inherited)",
					"$(PROJECT_DIR)/Carthage/Build/Mac",
				);
				INFOPLIST_FILE = "$(SRCROOT)/GenieApp/Info.plist";
				LD_RUNPATH_SEARCH_PATHS = "$(inherited) @executable_path/../Frameworks";
				PRODUCT_BUNDLE_IDENTIFIER = cz.tomaskohout.Genie;
				PRODUCT_NAME = "$(TARGET_NAME)";
			};
			name = Debug;
		};
		6C477ACB1D702DF900D76FCA /* Release */ = {
			isa = XCBuildConfiguration;
			buildSettings = {
				ALWAYS_EMBED_SWIFT_STANDARD_LIBRARIES = YES;
				ASSETCATALOG_COMPILER_APPICON_NAME = AppIcon;
				CLANG_ALLOW_NON_MODULAR_INCLUDES_IN_FRAMEWORK_MODULES = YES;
				CODE_SIGN_IDENTITY = "Mac Developer";
				COMBINE_HIDPI_IMAGES = YES;
				DEVELOPMENT_TEAM = 56QMJ73J7W;
				FRAMEWORK_SEARCH_PATHS = (
					"$(inherited)",
					"$(PROJECT_DIR)/Carthage/Build/Mac",
				);
				INFOPLIST_FILE = "$(SRCROOT)/GenieApp/Info.plist";
				LD_RUNPATH_SEARCH_PATHS = "$(inherited) @executable_path/../Frameworks";
				PRODUCT_BUNDLE_IDENTIFIER = cz.tomaskohout.Genie;
				PRODUCT_NAME = "$(TARGET_NAME)";
			};
			name = Release;
		};
		6C477AE61D702E1500D76FCA /* Debug */ = {
			isa = XCBuildConfiguration;
			buildSettings = {
				CLANG_ALLOW_NON_MODULAR_INCLUDES_IN_FRAMEWORK_MODULES = YES;
				CODE_SIGN_ENTITLEMENTS = GenieExtension/GenieExtension.entitlements;
				COMBINE_HIDPI_IMAGES = YES;
				DEVELOPMENT_TEAM = 56QMJ73J7W;
				FRAMEWORK_SEARCH_PATHS = (
					"$(inherited)",
					"$(PROJECT_DIR)/Carthage/Build/Mac",
				);
				INFOPLIST_FILE = "$(SRCROOT)/GenieExtension/Info.plist";
				LD_RUNPATH_SEARCH_PATHS = "$(inherited) @executable_path/../Frameworks @executable_path/../../../../Frameworks";
				PRODUCT_BUNDLE_IDENTIFIER = cz.tomaskohout.Genie.GenieExtension;
				PRODUCT_NAME = "$(TARGET_NAME)";
				SKIP_INSTALL = YES;
				SWIFT_OBJC_BRIDGING_HEADER = "GenieExtension/GenieExtension-Bridging-Header.h";
			};
			name = Debug;
		};
		6C477AE71D702E1500D76FCA /* Release */ = {
			isa = XCBuildConfiguration;
			buildSettings = {
				CLANG_ALLOW_NON_MODULAR_INCLUDES_IN_FRAMEWORK_MODULES = YES;
				CODE_SIGN_ENTITLEMENTS = GenieExtension/GenieExtension.entitlements;
				COMBINE_HIDPI_IMAGES = YES;
				DEVELOPMENT_TEAM = 56QMJ73J7W;
				FRAMEWORK_SEARCH_PATHS = (
					"$(inherited)",
					"$(PROJECT_DIR)/Carthage/Build/Mac",
				);
				INFOPLIST_FILE = "$(SRCROOT)/GenieExtension/Info.plist";
				LD_RUNPATH_SEARCH_PATHS = "$(inherited) @executable_path/../Frameworks @executable_path/../../../../Frameworks";
				PRODUCT_BUNDLE_IDENTIFIER = cz.tomaskohout.Genie.GenieExtension;
				PRODUCT_NAME = "$(TARGET_NAME)";
				SKIP_INSTALL = YES;
				SWIFT_OBJC_BRIDGING_HEADER = "GenieExtension/GenieExtension-Bridging-Header.h";
			};
			name = Release;
		};
		6C477AFA1D70305900D76FCA /* Debug */ = {
			isa = XCBuildConfiguration;
			buildSettings = {
				COMBINE_HIDPI_IMAGES = YES;
				DEVELOPMENT_TEAM = 56QMJ73J7W;
				INFOPLIST_FILE = SourceKittenHelper/Info.plist;
				LD_RUNPATH_SEARCH_PATHS = "$(inherited) @executable_path/../Frameworks @loader_path/../Frameworks @executable_path/../../../../../../../Frameworks";
				PRODUCT_BUNDLE_IDENTIFIER = cz.tomaskohout.Genie.SourceKittenHelper;
				PRODUCT_NAME = "$(TARGET_NAME)";
				SKIP_INSTALL = YES;
				SWIFT_OBJC_BRIDGING_HEADER = "SourceKittenHelper/SourceKittenHelper-Bridging-Header.h";
			};
			name = Debug;
		};
		6C477AFB1D70305900D76FCA /* Release */ = {
			isa = XCBuildConfiguration;
			buildSettings = {
				COMBINE_HIDPI_IMAGES = YES;
				DEVELOPMENT_TEAM = 56QMJ73J7W;
				INFOPLIST_FILE = SourceKittenHelper/Info.plist;
				LD_RUNPATH_SEARCH_PATHS = "$(inherited) @executable_path/../Frameworks @loader_path/../Frameworks @executable_path/../../../../../../../Frameworks";
				PRODUCT_BUNDLE_IDENTIFIER = cz.tomaskohout.Genie.SourceKittenHelper;
				PRODUCT_NAME = "$(TARGET_NAME)";
				SKIP_INSTALL = YES;
				SWIFT_OBJC_BRIDGING_HEADER = "SourceKittenHelper/SourceKittenHelper-Bridging-Header.h";
			};
			name = Release;
		};
		ACED61301E21453F00BBD92D /* Debug */ = {
			isa = XCBuildConfiguration;
			buildSettings = {
				BUNDLE_LOADER = "$(TEST_HOST)";
				CODE_SIGN_IDENTITY = "-";
				COMBINE_HIDPI_IMAGES = YES;
				DEVELOPMENT_TEAM = 56QMJ73J7W;
				INFOPLIST_FILE = GenieTests/Info.plist;
				LD_RUNPATH_SEARCH_PATHS = "$(inherited) @executable_path/../Frameworks @loader_path/../Frameworks";
				MACOSX_DEPLOYMENT_TARGET = 10.12;
				PRODUCT_BUNDLE_IDENTIFIER = cz.tomaskohout.Genie.GenieTests;
				PRODUCT_NAME = "$(TARGET_NAME)";
				SWIFT_VERSION = 3.0;
				TEST_HOST = "$(BUILT_PRODUCTS_DIR)/GenieApp.app/Contents/MacOS/GenieApp";
			};
			name = Debug;
		};
		ACED61311E21453F00BBD92D /* Release */ = {
			isa = XCBuildConfiguration;
			buildSettings = {
				BUNDLE_LOADER = "$(TEST_HOST)";
				CODE_SIGN_IDENTITY = "-";
				COMBINE_HIDPI_IMAGES = YES;
				DEVELOPMENT_TEAM = 56QMJ73J7W;
				INFOPLIST_FILE = GenieTests/Info.plist;
				LD_RUNPATH_SEARCH_PATHS = "$(inherited) @executable_path/../Frameworks @loader_path/../Frameworks";
				MACOSX_DEPLOYMENT_TARGET = 10.12;
				PRODUCT_BUNDLE_IDENTIFIER = cz.tomaskohout.Genie.GenieTests;
				PRODUCT_NAME = "$(TARGET_NAME)";
				SWIFT_VERSION = 3.0;
				TEST_HOST = "$(BUILT_PRODUCTS_DIR)/GenieApp.app/Contents/MacOS/GenieApp";
			};
			name = Release;
		};
		ACED614E1E21467B00BBD92D /* Debug */ = {
			isa = XCBuildConfiguration;
			buildSettings = {
				CLANG_ALLOW_NON_MODULAR_INCLUDES_IN_FRAMEWORK_MODULES = YES;
				CODE_SIGN_IDENTITY = "Mac Developer";
				COMBINE_HIDPI_IMAGES = YES;
				CURRENT_PROJECT_VERSION = 1;
				DEFINES_MODULE = YES;
				DEVELOPMENT_TEAM = 56QMJ73J7W;
				DYLIB_COMPATIBILITY_VERSION = 1;
				DYLIB_CURRENT_VERSION = 1;
				DYLIB_INSTALL_NAME_BASE = "@rpath";
				FRAMEWORK_SEARCH_PATHS = (
					"$(inherited)",
					"$(PROJECT_DIR)/Carthage/Build/Mac",
				);
				FRAMEWORK_VERSION = A;
				INFOPLIST_FILE = GenieFramework/Info.plist;
				INSTALL_PATH = "$(LOCAL_LIBRARY_DIR)/Frameworks";
				LD_RUNPATH_SEARCH_PATHS = "$(inherited) @executable_path/../Frameworks @loader_path/Frameworks";
				MACOSX_DEPLOYMENT_TARGET = 10.11;
				PRODUCT_BUNDLE_IDENTIFIER = cz.tomaskohout.Genie.GenieFramework;
				PRODUCT_NAME = "$(TARGET_NAME)";
				SKIP_INSTALL = YES;
				SWIFT_OBJC_BRIDGING_HEADER = "";
				SWIFT_VERSION = 3.0;
				VERSIONING_SYSTEM = "apple-generic";
				VERSION_INFO_PREFIX = "";
			};
			name = Debug;
		};
		ACED614F1E21467B00BBD92D /* Release */ = {
			isa = XCBuildConfiguration;
			buildSettings = {
				CLANG_ALLOW_NON_MODULAR_INCLUDES_IN_FRAMEWORK_MODULES = YES;
				CODE_SIGN_IDENTITY = "Mac Developer";
				COMBINE_HIDPI_IMAGES = YES;
				CURRENT_PROJECT_VERSION = 1;
				DEFINES_MODULE = YES;
				DEVELOPMENT_TEAM = 56QMJ73J7W;
				DYLIB_COMPATIBILITY_VERSION = 1;
				DYLIB_CURRENT_VERSION = 1;
				DYLIB_INSTALL_NAME_BASE = "@rpath";
				FRAMEWORK_SEARCH_PATHS = (
					"$(inherited)",
					"$(PROJECT_DIR)/Carthage/Build/Mac",
				);
				FRAMEWORK_VERSION = A;
				INFOPLIST_FILE = GenieFramework/Info.plist;
				INSTALL_PATH = "$(LOCAL_LIBRARY_DIR)/Frameworks";
				LD_RUNPATH_SEARCH_PATHS = "$(inherited) @executable_path/../Frameworks @loader_path/Frameworks";
				MACOSX_DEPLOYMENT_TARGET = 10.11;
				PRODUCT_BUNDLE_IDENTIFIER = cz.tomaskohout.Genie.GenieFramework;
				PRODUCT_NAME = "$(TARGET_NAME)";
				SKIP_INSTALL = YES;
				SWIFT_OBJC_BRIDGING_HEADER = "";
				SWIFT_VERSION = 3.0;
				VERSIONING_SYSTEM = "apple-generic";
				VERSION_INFO_PREFIX = "";
			};
			name = Release;
		};
/* End XCBuildConfiguration section */

/* Begin XCConfigurationList section */
		6C477AA11D702DF800D76FCA /* Build configuration list for PBXProject "Genie" */ = {
			isa = XCConfigurationList;
			buildConfigurations = (
				6C477AC71D702DF900D76FCA /* Debug */,
				6C477AC81D702DF900D76FCA /* Release */,
			);
			defaultConfigurationIsVisible = 0;
			defaultConfigurationName = Release;
		};
		6C477AC91D702DF900D76FCA /* Build configuration list for PBXNativeTarget "GenieApp" */ = {
			isa = XCConfigurationList;
			buildConfigurations = (
				6C477ACA1D702DF900D76FCA /* Debug */,
				6C477ACB1D702DF900D76FCA /* Release */,
			);
			defaultConfigurationIsVisible = 0;
			defaultConfigurationName = Release;
		};
		6C477AE51D702E1500D76FCA /* Build configuration list for PBXNativeTarget "Genie" */ = {
			isa = XCConfigurationList;
			buildConfigurations = (
				6C477AE61D702E1500D76FCA /* Debug */,
				6C477AE71D702E1500D76FCA /* Release */,
			);
			defaultConfigurationIsVisible = 0;
			defaultConfigurationName = Release;
		};
		6C477AF91D70305900D76FCA /* Build configuration list for PBXNativeTarget "SourceKittenHelper" */ = {
			isa = XCConfigurationList;
			buildConfigurations = (
				6C477AFA1D70305900D76FCA /* Debug */,
				6C477AFB1D70305900D76FCA /* Release */,
			);
			defaultConfigurationIsVisible = 0;
			defaultConfigurationName = Release;
		};
		ACED61321E21453F00BBD92D /* Build configuration list for PBXNativeTarget "GenieTests" */ = {
			isa = XCConfigurationList;
			buildConfigurations = (
				ACED61301E21453F00BBD92D /* Debug */,
				ACED61311E21453F00BBD92D /* Release */,
			);
			defaultConfigurationIsVisible = 0;
			defaultConfigurationName = Release;
		};
		ACED614D1E21467B00BBD92D /* Build configuration list for PBXNativeTarget "GenieFramework" */ = {
			isa = XCConfigurationList;
			buildConfigurations = (
				ACED614E1E21467B00BBD92D /* Debug */,
				ACED614F1E21467B00BBD92D /* Release */,
			);
			defaultConfigurationIsVisible = 0;
			defaultConfigurationName = Release;
		};
/* End XCConfigurationList section */
	};
	rootObject = 6C477A9E1D702DF800D76FCA /* Project object */;
}
